
Microsoft Visual Studio Solution File, Format Version 12.00
# Visual Studio Version 16
VisualStudioVersion = 16.0.30804.86
MinimumVisualStudioVersion = 10.0.40219.1
Project("{FAE04EC0-301F-11D3-BF4B-00C04F79EFBC}") = "LoginApplication", "LoginApplication.csproj", "{E4B6910E-7B5B-429B-860F-784AD0A9E0E1}"
EndProject
Global
	GlobalSection(SolutionConfigurationPlatforms) = preSolution
		Debug|Any CPU = Debug|Any CPU
		Release|Any CPU = Release|Any CPU
	EndGlobalSection
	GlobalSection(ProjectConfigurationPlatforms) = postSolution
		{E4B6910E-7B5B-429B-860F-784AD0A9E0E1}.Debug|Any CPU.ActiveCfg = Debug|Any CPU
		{E4B6910E-7B5B-429B-860F-784AD0A9E0E1}.Debug|Any CPU.Build.0 = Debug|Any CPU
		{E4B6910E-7B5B-429B-860F-784AD0A9E0E1}.Release|Any CPU.ActiveCfg = Release|Any CPU
		{E4B6910E-7B5B-429B-860F-784AD0A9E0E1}.Release|Any CPU.Build.0 = Release|Any CPU
	EndGlobalSection
	GlobalSection(SolutionProperties) = preSolution
		HideSolutionNode = FALSE
	EndGlobalSection
	GlobalSection(ExtensibilityGlobals) = postSolution
		SolutionGuid = {18B917A7-D2DF-4257-AA4D-E0A374FBFF3D}
	EndGlobalSection
EndGlobal
